{
	"name": "Discord-Bot",
	"version": "1.2.9",
	"lockfileVersion": 1,
	"requires": true,
	"dependencies": {
		"async-limiter": {
			"version": "1.0.1",
			"resolved": "https://registry.npmjs.org/async-limiter/-/async-limiter-1.0.1.tgz",
			"integrity": "sha512-csOlWGAcRFJaI6m+F2WKdnMKr4HhdhFVBk0H/QbJFMCr+uO2kwohwXQPxw/9OCxp05r5ghVBFSyioixx3gfkNQ=="
		},
		"discord.js": {
			"version": "11.5.1",
			"resolved": "https://registry.npmjs.org/discord.js/-/discord.js-11.5.1.tgz",
			"integrity": "sha512-tGhV5xaZXE3Z+4uXJb3hYM6gQ1NmnSxp9PClcsSAYFVRzH6AJH74040mO3afPDMWEAlj8XsoPXXTJHTxesqcGw==",
			"requires": {
				"long": "^4.0.0",
				"prism-media": "^0.0.3",
				"snekfetch": "^3.6.4",
				"tweetnacl": "^1.0.0",
				"ws": "^6.0.0"
			}
		},
		"discord.js-musicbot-addon": {
      			"version": "13.9.1",
      			"resolved": "https://registry.npmjs.org/discord.js-musicbot-addon/-/discord.js-musicbot-addon-13.9.1.tgz",
      			"integrity": "sha512-igK9MCuNHvpySkC+8H5qvQScRF7pnRTaflFDB1LMqSN4tcXxNxDyCtV1WWK2gJTL1tjGNldFr23N6aJSFSeJoA==",
      			"requires": {
       				 "ytdl-core": "^1.0.7",
       				 "ytpl": "^0.1.18",
       				 "ytsearcher": "^1.2.2"
     			}
    		},
		"commander": {
      			"version": "2.20.3",
      			"resolved": "https://registry.npmjs.org/commander/-/commander-2.20.3.tgz",
      			"integrity": "sha512-GpVkmM8vF2vQUkj2LvZmD35JxeJOLCwJ9cUkugyk2nuhbv3+mJvpLYYt+0+USMxE+oj+ey/lJEnhZw75x/OMcQ=="
    		},
    		"bindings": {
      			"version": "1.2.1",
      			"resolved": "https://registry.npmjs.org/bindings/-/bindings-1.2.1.tgz",
      			"integrity": "sha1-FK1hE4EtLTfXLme0ystLtyZQXxE="
    		},
		"dotenv": {
			"version": "8.2.0",
			"resolved": "https://registry.npmjs.org/dotenv/-/dotenv-8.2.0.tgz",
			"integrity": "sha512-8sJ78ElpbDJBHNeBzUbUVLsqKdccaa/BXF1uPTw3GrvQTBgrQrtObr2mUrE38vzYd8cEv+m/JBfDLioYcfXoaw=="
		},
		"nan": {
      			"version": "2.14.0",
      			"resolved": "https://registry.npmjs.org/nan/-/nan-2.14.0.tgz",
      			"integrity": "sha512-INOFj37C7k3AfaNTtX8RhsTw7qRy7eLET14cROi9+5HAVbbHuIWUHEauBv5qT4Av2tWasiTY1Jw6puUNqRJXQg=="
   		},
    		"node-opus": {
      			"version": "0.3.3",
      			"resolved": "https://registry.npmjs.org/node-opus/-/node-opus-0.3.3.tgz",
      			"integrity": "sha512-ZQniA8iJ6y/qOTmW6eyzM9m8odt4CIGV0NM9/U03/pYLhGyxy18QXO25WfrWd8XsUYx57tnxll2xxj54CN08uQ==",
      			"requires": {
        			"bindings": "~1.2.1",
        			"commander": "^2.9.0",
        			"nan": "^2.14.0",
        			"ogg-packet": "^1.0.0"
     			 }
    		},
    		"ogg-packet": {
      			"version": "1.0.1",
      			"resolved": "https://registry.npmjs.org/ogg-packet/-/ogg-packet-1.0.1.tgz",
      			"integrity": "sha512-dW1ok3BMnMikyXGDIgVEckWnlViW8JLWQV4qj9aN/rNRVqHlDYSlcIEtSIMH7tpuUOiIxAhY3+OxNdIOm6s17A==",
      			"optional": true,
      			"requires": {
        			"ref-struct": "*"
      			}
    		},
    		"ffmpeg-static": {
      			"version": "4.0.1",
      			"resolved": "https://registry.npmjs.org/ffmpeg-static/-/ffmpeg-static-4.0.1.tgz",
      			"integrity": "sha512-tUGBiessDvslK6jfVpfrhm6NvXPrIOclSVsqI8FGx4uDPN6xvdH8mGghcZDOjXky65FjaRPcTu3y/8Ne6VXRtQ==",
      			"requires": {
        			"progress": "^2.0.3",
        			"simple-get": "^3.1.0"
      			}
    		},
		"long": {
			"version": "4.0.0",
			"resolved": "https://registry.npmjs.org/long/-/long-4.0.0.tgz",
			"integrity": "sha512-XsP+KhQif4bjX1kbuSiySJFNAehNxgLb6hPRGJ9QsUr8ajHkuXGdrHmFUTUUXhDwVX2R5bY4JNZEwbUiMhV+MA=="
		},
		"opusscript": {
			"version": "0.0.7",
			"resolved": "https://registry.npmjs.org/opusscript/-/opusscript-0.0.7.tgz",
			"integrity": "sha512-DcBadTdYTUuH9zQtepsLjQn4Ll6rs3dmeFvN+SD0ThPnxRBRm/WC1zXWPg+wgAJimB784gdZvUMA57gDP7FdVg=="
		},
    		"progress": {
      			"version": "2.0.3",
      			"resolved": "https://registry.npmjs.org/progress/-/progress-2.0.3.tgz",
      			"integrity": "sha512-7PiHtLll5LdnKIMw100I+8xJXR5gW2QwWYkT6iJva0bXitZKa/XMrSbdmg3r2Xnaidz9Qumd0VPaMrZlF9V9sA=="
    		},
		"prism-media": {
			"version": "0.0.3",
			"resolved": "https://registry.npmjs.org/prism-media/-/prism-media-0.0.3.tgz",
			"integrity": "sha512-c9KkNifSMU/iXT8FFTaBwBMr+rdVcN+H/uNv1o+CuFeTThNZNTOrQ+RgXA1yL/DeLk098duAeRPP3QNPNbhxYQ=="
		},
		"snekfetch": {
			"version": "3.6.4",
			"resolved": "https://registry.npmjs.org/snekfetch/-/snekfetch-3.6.4.tgz",
			"integrity": "sha512-NjxjITIj04Ffqid5lqr7XdgwM7X61c/Dns073Ly170bPQHLm6jkmelye/eglS++1nfTWktpP6Y2bFXjdPlQqdw=="
		},
    		"simple-concat": {
      			"version": "1.0.0",
      			"resolved": "https://registry.npmjs.org/simple-concat/-/simple-concat-1.0.0.tgz",
      			"integrity": "sha1-c0TLuLbib7J9ZrL8hvn21Zl1IcY="
    		},
    		"simple-get": {
      			"version": "3.1.0",
      			"resolved": "https://registry.npmjs.org/simple-get/-/simple-get-3.1.0.tgz",
      			"integrity": "sha512-bCR6cP+aTdScaQCnQKbPKtJOKDp/hj9EDLJo3Nw4y1QksqaovlW/bnptB6/c1e+qmNIDHRK+oXFDdEqBT8WzUA==",
      			"requires": {
        			"decompress-response": "^4.2.0",
        			"once": "^1.3.1",
        			"simple-concat": "^1.0.0"
      			}
    		},
		"tweetnacl": {
			"version": "1.0.1",
			"resolved": "https://registry.npmjs.org/tweetnacl/-/tweetnacl-1.0.1.tgz",
			"integrity": "sha512-kcoMoKTPYnoeS50tzoqjPY3Uv9axeuuFAZY9M/9zFnhoVvRfxz9K29IMPD7jGmt2c8SW7i3gT9WqDl2+nV7p4A=="
		},
		"when": {
			"version": "3.7.8",
			"resolved": "https://registry.npmjs.org/when/-/when-3.7.8.tgz",
			"integrity": "sha1-xxMLan6gRpPoQs3J56Hyqjmjn4I="
		},
		"ws": {
			"version": "6.2.1",
			"resolved": "https://registry.npmjs.org/ws/-/ws-6.2.1.tgz",
			"integrity": "sha512-GIyAXC2cB7LjvpgMt9EKS2ldqr0MTrORaleiOno6TweZ6r3TKtoFQWay/2PceJ3RuBasOHzXNn5Lrw1X0bEjqA==",
			"requires": {
				"async-limiter": "~1.0.0"
			}
		},
    		"ytdl-core": {
      			"version": "1.0.9",
      			"resolved": "https://registry.npmjs.org/ytdl-core/-/ytdl-core-1.0.9.tgz",
      			"integrity": "sha512-HhFeLfjXU34h0FNHmSkSpKygdaYijSt8VNsC770VYBRFb+dyUKcm11cIKxu2MUSwT9znISZ0k1wFdaV/N5VW+Q==",
      			"requires": {
        			"html-entities": "^1.1.3",
        			"m3u8stream": "^0.6.3",
        			"miniget": "^1.6.0",
        			"sax": "^1.1.3"
      			}
    		},
    		"ytpl": {
     			"version": "0.1.20",
      			"resolved": "https://registry.npmjs.org/ytpl/-/ytpl-0.1.20.tgz",
      			"integrity": "sha512-iOvKzFZPtm2eoxQAlTWGcRfQo1MhKYSjf8B5eiiRvbcUHsOteQeychA/al1EcJrR7DuaR83nbu60gtAUbfEG6g==",
      			"requires": {
        			"html-entities": "^1.1.3"
      			}
    		},
    		"ytsearcher": {
      			"version": "1.2.2",
      			"resolved": "https://registry.npmjs.org/ytsearcher/-/ytsearcher-1.2.2.tgz",
      			"integrity": "sha512-nQ38akKe3O2OGfQba0aTetMx25U/V+jD+MN1v26/lR497KyzpPIolQuNEf5x4O0ANvLLIS9iPSc91Zle1OP+ww=="
    		}
	}
}
